
Microsoft Visual Studio Solution File, Format Version 12.00
# Visual Studio Version 16
VisualStudioVersion = 16.0.30517.126
MinimumVisualStudioVersion = 10.0.40219.1
Project("{FAE04EC0-301F-11D3-BF4B-00C04F79EFBC}") = "TwitterShowcaseApplication", "TwitterShowcaseApplication\TwitterShowcaseApplication.csproj", "{A09C74A2-85D9-4024-99EC-33F96FA5BD2C}"
EndProject
Global
	GlobalSection(SolutionConfigurationPlatforms) = preSolution
		Debug|Any CPU = Debug|Any CPU
		Release|Any CPU = Release|Any CPU
	EndGlobalSection
	GlobalSection(ProjectConfigurationPlatforms) = postSolution
		{A09C74A2-85D9-4024-99EC-33F96FA5BD2C}.Debug|Any CPU.ActiveCfg = Debug|Any CPU
		{A09C74A2-85D9-4024-99EC-33F96FA5BD2C}.Debug|Any CPU.Build.0 = Debug|Any CPU
		{A09C74A2-85D9-4024-99EC-33F96FA5BD2C}.Release|Any CPU.ActiveCfg = Release|Any CPU
		{A09C74A2-85D9-4024-99EC-33F96FA5BD2C}.Release|Any CPU.Build.0 = Release|Any CPU
	EndGlobalSection
	GlobalSection(SolutionProperties) = preSolution
		HideSolutionNode = FALSE
	EndGlobalSection
	GlobalSection(ExtensibilityGlobals) = postSolution
		SolutionGuid = {1C8399F1-55AE-4143-8DF2-3DD49C4BC249}
	EndGlobalSection
EndGlobal
